
Microsoft Visual Studio Solution File, Format Version 12.00
# Visual Studio Version 17
VisualStudioVersion = 17.11.35222.181
MinimumVisualStudioVersion = 10.0.40219.1
Project("{9A19103F-16F7-4668-BE54-9A1E7A4F7556}") = "NotationHelper", "NotationHelper\NotationHelper.csproj", "{A08E3FFB-B154-4FE4-8787-14545450E2AE}"
EndProject
Project("{9A19103F-16F7-4668-BE54-9A1E7A4F7556}") = "AudioTool", "AudioTool\AudioTool.csproj", "{F6C51BCF-026D-4A11-9D7C-D780A5108467}"
EndProject
Project("{9A19103F-16F7-4668-BE54-9A1E7A4F7556}") = "NAudioTest", "NAudioTest\NAudioTest.csproj", "{97D80CE2-B955-49DF-B809-F49965E9001D}"
EndProject
Project("{FAE04EC0-301F-11D3-BF4B-00C04F79EFBC}") = "MusicDataModel", "MusicDataModel\MusicDataModel.csproj", "{A16F2576-9713-4656-AD11-C26BA71B1EDA}"
EndProject
Global
	GlobalSection(SolutionConfigurationPlatforms) = preSolution
		Debug|Any CPU = Debug|Any CPU
		Release|Any CPU = Release|Any CPU
	EndGlobalSection
	GlobalSection(ProjectConfigurationPlatforms) = postSolution
		{A08E3FFB-B154-4FE4-8787-14545450E2AE}.Debug|Any CPU.ActiveCfg = Debug|Any CPU
		{A08E3FFB-B154-4FE4-8787-14545450E2AE}.Debug|Any CPU.Build.0 = Debug|Any CPU
		{A08E3FFB-B154-4FE4-8787-14545450E2AE}.Release|Any CPU.ActiveCfg = Release|Any CPU
		{A08E3FFB-B154-4FE4-8787-14545450E2AE}.Release|Any CPU.Build.0 = Release|Any CPU
		{F6C51BCF-026D-4A11-9D7C-D780A5108467}.Debug|Any CPU.ActiveCfg = Debug|Any CPU
		{F6C51BCF-026D-4A11-9D7C-D780A5108467}.Debug|Any CPU.Build.0 = Debug|Any CPU
		{F6C51BCF-026D-4A11-9D7C-D780A5108467}.Release|Any CPU.ActiveCfg = Release|Any CPU
		{F6C51BCF-026D-4A11-9D7C-D780A5108467}.Release|Any CPU.Build.0 = Release|Any CPU
		{97D80CE2-B955-49DF-B809-F49965E9001D}.Debug|Any CPU.ActiveCfg = Debug|Any CPU
		{97D80CE2-B955-49DF-B809-F49965E9001D}.Debug|Any CPU.Build.0 = Debug|Any CPU
		{97D80CE2-B955-49DF-B809-F49965E9001D}.Release|Any CPU.ActiveCfg = Release|Any CPU
		{97D80CE2-B955-49DF-B809-F49965E9001D}.Release|Any CPU.Build.0 = Release|Any CPU
		{A16F2576-9713-4656-AD11-C26BA71B1EDA}.Debug|Any CPU.ActiveCfg = Debug|Any CPU
		{A16F2576-9713-4656-AD11-C26BA71B1EDA}.Debug|Any CPU.Build.0 = Debug|Any CPU
		{A16F2576-9713-4656-AD11-C26BA71B1EDA}.Release|Any CPU.ActiveCfg = Release|Any CPU
		{A16F2576-9713-4656-AD11-C26BA71B1EDA}.Release|Any CPU.Build.0 = Release|Any CPU
	EndGlobalSection
	GlobalSection(SolutionProperties) = preSolution
		HideSolutionNode = FALSE
	EndGlobalSection
	GlobalSection(ExtensibilityGlobals) = postSolution
		SolutionGuid = {BE4FAE2F-E3F1-439B-B407-E76049313C89}
	EndGlobalSection
EndGlobal
